
Microsoft Visual Studio Solution File, Format Version 12.00
# Visual Studio Version 16
VisualStudioVersion = 16.0.35229.62
MinimumVisualStudioVersion = 10.0.40219.1
Project("{FAE04EC0-301F-11D3-BF4B-00C04F79EFBC}") = "exception_handling", "exception_handling\exception_handling.csproj", "{88913BFA-8E36-426A-A6BD-A88AE5406014}"
EndProject
Global
	GlobalSection(SolutionConfigurationPlatforms) = preSolution
		Debug|Any CPU = Debug|Any CPU
		Release|Any CPU = Release|Any CPU
	EndGlobalSection
	GlobalSection(ProjectConfigurationPlatforms) = postSolution
		{88913BFA-8E36-426A-A6BD-A88AE5406014}.Debug|Any CPU.ActiveCfg = Debug|Any CPU
		{88913BFA-8E36-426A-A6BD-A88AE5406014}.Debug|Any CPU.Build.0 = Debug|Any CPU
		{88913BFA-8E36-426A-A6BD-A88AE5406014}.Release|Any CPU.ActiveCfg = Release|Any CPU
		{88913BFA-8E36-426A-A6BD-A88AE5406014}.Release|Any CPU.Build.0 = Release|Any CPU
	EndGlobalSection
	GlobalSection(SolutionProperties) = preSolution
		HideSolutionNode = FALSE
	EndGlobalSection
	GlobalSection(ExtensibilityGlobals) = postSolution
		SolutionGuid = {C6BFC39E-3D61-4027-ACCC-943A85069651}
	EndGlobalSection
EndGlobal
