
Microsoft Visual Studio Solution File, Format Version 12.00
# Visual Studio Version 16
VisualStudioVersion = 16.0.35229.62
MinimumVisualStudioVersion = 10.0.40219.1
Project("{FAE04EC0-301F-11D3-BF4B-00C04F79EFBC}") = "validation", "validation\validation.csproj", "{1FCD98F7-A92C-4719-B28D-A65013501082}"
EndProject
Global
	GlobalSection(SolutionConfigurationPlatforms) = preSolution
		Debug|Any CPU = Debug|Any CPU
		Release|Any CPU = Release|Any CPU
	EndGlobalSection
	GlobalSection(ProjectConfigurationPlatforms) = postSolution
		{1FCD98F7-A92C-4719-B28D-A65013501082}.Debug|Any CPU.ActiveCfg = Debug|Any CPU
		{1FCD98F7-A92C-4719-B28D-A65013501082}.Debug|Any CPU.Build.0 = Debug|Any CPU
		{1FCD98F7-A92C-4719-B28D-A65013501082}.Release|Any CPU.ActiveCfg = Release|Any CPU
		{1FCD98F7-A92C-4719-B28D-A65013501082}.Release|Any CPU.Build.0 = Release|Any CPU
	EndGlobalSection
	GlobalSection(SolutionProperties) = preSolution
		HideSolutionNode = FALSE
	EndGlobalSection
	GlobalSection(ExtensibilityGlobals) = postSolution
		SolutionGuid = {894FC61C-6050-45EA-867A-E5C59E010F20}
	EndGlobalSection
EndGlobal
